<?xml version="1.0" encoding="utf-8"?>
<Project ToolsVersion="16.0" xmlns="http://schemas.microsoft.com/developer/msbuild/2003">
  <ItemGroup>
    <ClCompile Include="C:\Development\op3d_active\curl-7.86.0\tests\libtest\lib515.c">
      <Filter>Source Files</Filter>
    </ClCompile>
    <ClCompile Include="C:\Development\op3d_active\curl-7.86.0\lib\timediff.c">
      <Filter>Source Files</Filter>
    </ClCompile>
    <ClCompile Include="C:\Development\op3d_active\curl-7.86.0\tests\libtest\first.c">
      <Filter>Source Files</Filter>
    </ClCompile>
  </ItemGroup>
  <ItemGroup>
    <ClInclude Include="C:\Development\op3d_active\curl-7.86.0\lib\timediff.h">
      <Filter>Header Files</Filter>
    </ClInclude>
    <ClInclude Include="C:\Development\op3d_active\curl-7.86.0\tests\libtest\test.h">
      <Filter>Header Files</Filter>
    </ClInclude>
  </ItemGroup>
  <ItemGroup>
    <CustomBuild Include="C:\Development\op3d_active\curl-7.86.0\tests\libtest\CMakeLists.txt" />
  </ItemGroup>
  <ItemGroup>
    <Filter Include="Header Files">
      <UniqueIdentifier>{AF4FB577-EBB9-3830-A206-F6ED2F08BB7F}</UniqueIdentifier>
    </Filter>
    <Filter Include="Source Files">
      <UniqueIdentifier>{8AF650CD-9470-3A59-8420-0CD7D40062B2}</UniqueIdentifier>
    </Filter>
  </ItemGroup>
</Project>
