<?xml version="1.0" encoding="utf-8"?>
<Project ToolsVersion="16.0" xmlns="http://schemas.microsoft.com/developer/msbuild/2003">
  <ItemGroup>
    <CustomBuild Include="C:\Development\op3d_active\curl-7.86.0\msvc\CMakeFiles\ba159b328591f95d246dcd3dcc6c3917\test-event.rule">
      <Filter>CMake Rules</Filter>
    </CustomBuild>
    <CustomBuild Include="C:\Development\op3d_active\curl-7.86.0\tests\CMakeLists.txt" />
  </ItemGroup>
  <ItemGroup>
    <None Include="C:\Development\op3d_active\curl-7.86.0\msvc\tests\CMakeFiles\test-event" />
  </ItemGroup>
  <ItemGroup>
    <Filter Include="CMake Rules">
      <UniqueIdentifier>{5CDFE037-5F55-3262-8A60-861E733FF5BD}</UniqueIdentifier>
    </Filter>
  </ItemGroup>
</Project>
